// !$*UTF8*$!
{
	archiveVersion = 1;
	classes = {
	};
	objectVersion = 56;
	objects = {

/* Begin PBXBuildFile section */
		01266B1D2992779600FACA75 /* AppDelegate.swift in Sources */ = {isa = PBXBuildFile; fileRef = 01266B1C2992779600FACA75 /* AppDelegate.swift */; };
		01266B1F2992779600FACA75 /* SceneDelegate.swift in Sources */ = {isa = PBXBuildFile; fileRef = 01266B1E2992779600FACA75 /* SceneDelegate.swift */; };
		01266B212992779600FACA75 /* GithubSearchViewController.swift in Sources */ = {isa = PBXBuildFile; fileRef = 01266B202992779600FACA75 /* GithubSearchViewController.swift */; };
		01266B262992779700FACA75 /* Assets.xcassets in Resources */ = {isa = PBXBuildFile; fileRef = 01266B252992779700FACA75 /* Assets.xcassets */; };
		01266B292992779700FACA75 /* LaunchScreen.storyboard in Resources */ = {isa = PBXBuildFile; fileRef = 01266B272992779700FACA75 /* LaunchScreen.storyboard */; };
		01266B342992779700FACA75 /* GithubSearch_MVVM_RxSwiftTests.swift in Sources */ = {isa = PBXBuildFile; fileRef = 01266B332992779700FACA75 /* GithubSearch_MVVM_RxSwiftTests.swift */; };
		01266B3E2992779700FACA75 /* GithubSearch_MVVM_RxSwiftUITests.swift in Sources */ = {isa = PBXBuildFile; fileRef = 01266B3D2992779700FACA75 /* GithubSearch_MVVM_RxSwiftUITests.swift */; };
		01266B402992779700FACA75 /* GithubSearch_MVVM_RxSwiftUITestsLaunchTests.swift in Sources */ = {isa = PBXBuildFile; fileRef = 01266B3F2992779700FACA75 /* GithubSearch_MVVM_RxSwiftUITestsLaunchTests.swift */; };
		01A8B4E02993ACF500796D1E /* BaseTabBarController.swift in Sources */ = {isa = PBXBuildFile; fileRef = 01A8B4DF2993ACF500796D1E /* BaseTabBarController.swift */; };
		01A8B4E32993B39800796D1E /* User.swift in Sources */ = {isa = PBXBuildFile; fileRef = 01A8B4E22993B39800796D1E /* User.swift */; };
		01A8B4E52993B42400796D1E /* ProfileViewController.swift in Sources */ = {isa = PBXBuildFile; fileRef = 01A8B4E42993B42400796D1E /* ProfileViewController.swift */; };
		01A8B4FA2993B8C400796D1E /* Differentiator in Frameworks */ = {isa = PBXBuildFile; productRef = 01A8B4F92993B8C400796D1E /* Differentiator */; };
		01A8B4FC2993B8C400796D1E /* RxDataSources in Frameworks */ = {isa = PBXBuildFile; productRef = 01A8B4FB2993B8C400796D1E /* RxDataSources */; };
		01A8B5012993B9B000796D1E /* GithubSearchViewModel.swift in Sources */ = {isa = PBXBuildFile; fileRef = 01A8B5002993B9B000796D1E /* GithubSearchViewModel.swift */; };
		01A8B5032993B9D700796D1E /* ViewModelType.swift in Sources */ = {isa = PBXBuildFile; fileRef = 01A8B5022993B9D700796D1E /* ViewModelType.swift */; };
		01A8B5052993BA8400796D1E /* GithubSearchUseCase.swift in Sources */ = {isa = PBXBuildFile; fileRef = 01A8B5042993BA8400796D1E /* GithubSearchUseCase.swift */; };
		01A8B5072993BA8F00796D1E /* GithubSearchRepository.swift in Sources */ = {isa = PBXBuildFile; fileRef = 01A8B5062993BA8F00796D1E /* GithubSearchRepository.swift */; };
		01A8B50D2993C9BF00796D1E /* Then in Frameworks */ = {isa = PBXBuildFile; productRef = 01A8B50C2993C9BF00796D1E /* Then */; };
		01A8B50F2993CE6400796D1E /* ProfileRepository.swift in Sources */ = {isa = PBXBuildFile; fileRef = 01A8B50E2993CE6400796D1E /* ProfileRepository.swift */; };
		01A8B5112993CE6F00796D1E /* ProfileUseCase.swift in Sources */ = {isa = PBXBuildFile; fileRef = 01A8B5102993CE6F00796D1E /* ProfileUseCase.swift */; };
		01A8B5132993CE7500796D1E /* ProfileViewModel.swift in Sources */ = {isa = PBXBuildFile; fileRef = 01A8B5122993CE7500796D1E /* ProfileViewModel.swift */; };
		01A8B5152993D6B400796D1E /* RepositoryTableViewCell.swift in Sources */ = {isa = PBXBuildFile; fileRef = 01A8B5142993D6B400796D1E /* RepositoryTableViewCell.swift */; };
		01A8B5192993D80D00796D1E /* Color.swift in Sources */ = {isa = PBXBuildFile; fileRef = 01A8B5182993D80D00796D1E /* Color.swift */; };
		01A8B51B2993D95D00796D1E /* Image.swift in Sources */ = {isa = PBXBuildFile; fileRef = 01A8B51A2993D95D00796D1E /* Image.swift */; };
		01A8B51E2993DB2D00796D1E /* UIView+Extension.swift in Sources */ = {isa = PBXBuildFile; fileRef = 01A8B51D2993DB2D00796D1E /* UIView+Extension.swift */; };
		01A8B5212993E83600796D1E /* RxCocoa in Frameworks */ = {isa = PBXBuildFile; productRef = 01A8B5202993E83600796D1E /* RxCocoa */; };
		01A8B5232993E83600796D1E /* RxRelay in Frameworks */ = {isa = PBXBuildFile; productRef = 01A8B5222993E83600796D1E /* RxRelay */; };
		01A8B5252993E83600796D1E /* RxSwift in Frameworks */ = {isa = PBXBuildFile; productRef = 01A8B5242993E83600796D1E /* RxSwift */; };
		01A8B5282993E84000796D1E /* SnapKit in Frameworks */ = {isa = PBXBuildFile; productRef = 01A8B5272993E84000796D1E /* SnapKit */; };
		01A8B52B2993E84D00796D1E /* Kingfisher in Frameworks */ = {isa = PBXBuildFile; productRef = 01A8B52A2993E84D00796D1E /* Kingfisher */; };
		01A8B5552995106800796D1E /* RepositoryDTO.swift in Sources */ = {isa = PBXBuildFile; fileRef = 01A8B5542995106800796D1E /* RepositoryDTO.swift */; };
		01A8B557299511E400796D1E /* OwnerDTO.swift in Sources */ = {isa = PBXBuildFile; fileRef = 01A8B556299511E400796D1E /* OwnerDTO.swift */; };
		01A8B5592995218900796D1E /* LicenseDTO.swift in Sources */ = {isa = PBXBuildFile; fileRef = 01A8B5582995218900796D1E /* LicenseDTO.swift */; };
		01A8B55B299525DF00796D1E /* RepositorySearchDTO.swift in Sources */ = {isa = PBXBuildFile; fileRef = 01A8B55A299525DF00796D1E /* RepositorySearchDTO.swift */; };
/* End PBXBuildFile section */

/* Begin PBXContainerItemProxy section */
		01266B302992779700FACA75 /* PBXContainerItemProxy */ = {
			isa = PBXContainerItemProxy;
			containerPortal = 01266B112992779600FACA75 /* Project object */;
			proxyType = 1;
			remoteGlobalIDString = 01266B182992779600FACA75;
			remoteInfo = "GithubSearch_MVVM+RxSwift";
		};
		01266B3A2992779700FACA75 /* PBXContainerItemProxy */ = {
			isa = PBXContainerItemProxy;
			containerPortal = 01266B112992779600FACA75 /* Project object */;
			proxyType = 1;
			remoteGlobalIDString = 01266B182992779600FACA75;
			remoteInfo = "GithubSearch_MVVM+RxSwift";
		};
/* End PBXContainerItemProxy section */

/* Begin PBXFileReference section */
		01266B192992779600FACA75 /* GithubSearch_MVVM+RxSwift.app */ = {isa = PBXFileReference; explicitFileType = wrapper.application; includeInIndex = 0; path = "GithubSearch_MVVM+RxSwift.app"; sourceTree = BUILT_PRODUCTS_DIR; };
		01266B1C2992779600FACA75 /* AppDelegate.swift */ = {isa = PBXFileReference; lastKnownFileType = sourcecode.swift; path = AppDelegate.swift; sourceTree = "<group>"; };
		01266B1E2992779600FACA75 /* SceneDelegate.swift */ = {isa = PBXFileReference; lastKnownFileType = sourcecode.swift; path = SceneDelegate.swift; sourceTree = "<group>"; };
		01266B202992779600FACA75 /* GithubSearchViewController.swift */ = {isa = PBXFileReference; lastKnownFileType = sourcecode.swift; path = GithubSearchViewController.swift; sourceTree = "<group>"; };
		01266B252992779700FACA75 /* Assets.xcassets */ = {isa = PBXFileReference; lastKnownFileType = folder.assetcatalog; path = Assets.xcassets; sourceTree = "<group>"; };
		01266B282992779700FACA75 /* Base */ = {isa = PBXFileReference; lastKnownFileType = file.storyboard; name = Base; path = Base.lproj/LaunchScreen.storyboard; sourceTree = "<group>"; };
		01266B2A2992779700FACA75 /* Info.plist */ = {isa = PBXFileReference; lastKnownFileType = text.plist.xml; path = Info.plist; sourceTree = "<group>"; };
		01266B2F2992779700FACA75 /* GithubSearch_MVVM+RxSwiftTests.xctest */ = {isa = PBXFileReference; explicitFileType = wrapper.cfbundle; includeInIndex = 0; path = "GithubSearch_MVVM+RxSwiftTests.xctest"; sourceTree = BUILT_PRODUCTS_DIR; };
		01266B332992779700FACA75 /* GithubSearch_MVVM_RxSwiftTests.swift */ = {isa = PBXFileReference; lastKnownFileType = sourcecode.swift; path = GithubSearch_MVVM_RxSwiftTests.swift; sourceTree = "<group>"; };
		01266B392992779700FACA75 /* GithubSearch_MVVM+RxSwiftUITests.xctest */ = {isa = PBXFileReference; explicitFileType = wrapper.cfbundle; includeInIndex = 0; path = "GithubSearch_MVVM+RxSwiftUITests.xctest"; sourceTree = BUILT_PRODUCTS_DIR; };
		01266B3D2992779700FACA75 /* GithubSearch_MVVM_RxSwiftUITests.swift */ = {isa = PBXFileReference; lastKnownFileType = sourcecode.swift; path = GithubSearch_MVVM_RxSwiftUITests.swift; sourceTree = "<group>"; };
		01266B3F2992779700FACA75 /* GithubSearch_MVVM_RxSwiftUITestsLaunchTests.swift */ = {isa = PBXFileReference; lastKnownFileType = sourcecode.swift; path = GithubSearch_MVVM_RxSwiftUITestsLaunchTests.swift; sourceTree = "<group>"; };
		01A8B4DF2993ACF500796D1E /* BaseTabBarController.swift */ = {isa = PBXFileReference; lastKnownFileType = sourcecode.swift; path = BaseTabBarController.swift; sourceTree = "<group>"; };
		01A8B4E22993B39800796D1E /* User.swift */ = {isa = PBXFileReference; lastKnownFileType = sourcecode.swift; path = User.swift; sourceTree = "<group>"; };
		01A8B4E42993B42400796D1E /* ProfileViewController.swift */ = {isa = PBXFileReference; lastKnownFileType = sourcecode.swift; path = ProfileViewController.swift; sourceTree = "<group>"; };
		01A8B5002993B9B000796D1E /* GithubSearchViewModel.swift */ = {isa = PBXFileReference; lastKnownFileType = sourcecode.swift; path = GithubSearchViewModel.swift; sourceTree = "<group>"; };
		01A8B5022993B9D700796D1E /* ViewModelType.swift */ = {isa = PBXFileReference; lastKnownFileType = sourcecode.swift; path = ViewModelType.swift; sourceTree = "<group>"; };
		01A8B5042993BA8400796D1E /* GithubSearchUseCase.swift */ = {isa = PBXFileReference; lastKnownFileType = sourcecode.swift; path = GithubSearchUseCase.swift; sourceTree = "<group>"; };
		01A8B5062993BA8F00796D1E /* GithubSearchRepository.swift */ = {isa = PBXFileReference; lastKnownFileType = sourcecode.swift; path = GithubSearchRepository.swift; sourceTree = "<group>"; };
		01A8B50E2993CE6400796D1E /* ProfileRepository.swift */ = {isa = PBXFileReference; lastKnownFileType = sourcecode.swift; path = ProfileRepository.swift; sourceTree = "<group>"; };
		01A8B5102993CE6F00796D1E /* ProfileUseCase.swift */ = {isa = PBXFileReference; lastKnownFileType = sourcecode.swift; path = ProfileUseCase.swift; sourceTree = "<group>"; };
		01A8B5122993CE7500796D1E /* ProfileViewModel.swift */ = {isa = PBXFileReference; lastKnownFileType = sourcecode.swift; path = ProfileViewModel.swift; sourceTree = "<group>"; };
		01A8B5142993D6B400796D1E /* RepositoryTableViewCell.swift */ = {isa = PBXFileReference; lastKnownFileType = sourcecode.swift; path = RepositoryTableViewCell.swift; sourceTree = "<group>"; };
		01A8B5182993D80D00796D1E /* Color.swift */ = {isa = PBXFileReference; lastKnownFileType = sourcecode.swift; path = Color.swift; sourceTree = "<group>"; };
		01A8B51A2993D95D00796D1E /* Image.swift */ = {isa = PBXFileReference; lastKnownFileType = sourcecode.swift; path = Image.swift; sourceTree = "<group>"; };
		01A8B51D2993DB2D00796D1E /* UIView+Extension.swift */ = {isa = PBXFileReference; lastKnownFileType = sourcecode.swift; path = "UIView+Extension.swift"; sourceTree = "<group>"; };
		01A8B5542995106800796D1E /* RepositoryDTO.swift */ = {isa = PBXFileReference; lastKnownFileType = sourcecode.swift; path = RepositoryDTO.swift; sourceTree = "<group>"; };
		01A8B556299511E400796D1E /* OwnerDTO.swift */ = {isa = PBXFileReference; lastKnownFileType = sourcecode.swift; path = OwnerDTO.swift; sourceTree = "<group>"; };
		01A8B5582995218900796D1E /* LicenseDTO.swift */ = {isa = PBXFileReference; lastKnownFileType = sourcecode.swift; path = LicenseDTO.swift; sourceTree = "<group>"; };
		01A8B55A299525DF00796D1E /* RepositorySearchDTO.swift */ = {isa = PBXFileReference; lastKnownFileType = sourcecode.swift; path = RepositorySearchDTO.swift; sourceTree = "<group>"; };
/* End PBXFileReference section */

/* Begin PBXFrameworksBuildPhase section */
		01266B162992779600FACA75 /* Frameworks */ = {
			isa = PBXFrameworksBuildPhase;
			buildActionMask = 2147483647;
			files = (
				01A8B5232993E83600796D1E /* RxRelay in Frameworks */,
				01A8B5282993E84000796D1E /* SnapKit in Frameworks */,
				01A8B4FA2993B8C400796D1E /* Differentiator in Frameworks */,
				01A8B5212993E83600796D1E /* RxCocoa in Frameworks */,
				01A8B52B2993E84D00796D1E /* Kingfisher in Frameworks */,
				01A8B50D2993C9BF00796D1E /* Then in Frameworks */,
				01A8B4FC2993B8C400796D1E /* RxDataSources in Frameworks */,
				01A8B5252993E83600796D1E /* RxSwift in Frameworks */,
			);
			runOnlyForDeploymentPostprocessing = 0;
		};
		01266B2C2992779700FACA75 /* Frameworks */ = {
			isa = PBXFrameworksBuildPhase;
			buildActionMask = 2147483647;
			files = (
			);
			runOnlyForDeploymentPostprocessing = 0;
		};
		01266B362992779700FACA75 /* Frameworks */ = {
			isa = PBXFrameworksBuildPhase;
			buildActionMask = 2147483647;
			files = (
			);
			runOnlyForDeploymentPostprocessing = 0;
		};
/* End PBXFrameworksBuildPhase section */

/* Begin PBXGroup section */
		01266B102992779600FACA75 = {
			isa = PBXGroup;
			children = (
				01266B1B2992779600FACA75 /* GithubSearch_MVVM+RxSwift */,
				01266B322992779700FACA75 /* GithubSearch_MVVM+RxSwiftTests */,
				01266B3C2992779700FACA75 /* GithubSearch_MVVM+RxSwiftUITests */,
				01266B1A2992779600FACA75 /* Products */,
			);
			sourceTree = "<group>";
		};
		01266B1A2992779600FACA75 /* Products */ = {
			isa = PBXGroup;
			children = (
				01266B192992779600FACA75 /* GithubSearch_MVVM+RxSwift.app */,
				01266B2F2992779700FACA75 /* GithubSearch_MVVM+RxSwiftTests.xctest */,
				01266B392992779700FACA75 /* GithubSearch_MVVM+RxSwiftUITests.xctest */,
			);
			name = Products;
			sourceTree = "<group>";
		};
		01266B1B2992779600FACA75 /* GithubSearch_MVVM+RxSwift */ = {
			isa = PBXGroup;
			children = (
				01A8B4E12993B22E00796D1E /* Data */,
				01A8B4D92993A86600796D1E /* App */,
				01A8B4DB2993A8FA00796D1E /* Core */,
				01A8B4DA2993A87F00796D1E /* DesignSystem */,
				01A8B4CF2993A78200796D1E /* DataLayer */,
				01A8B4D02993A7A800796D1E /* DomainLayer */,
				01A8B4D12993A7BB00796D1E /* PresentationLayer */,
			);
			path = "GithubSearch_MVVM+RxSwift";
			sourceTree = "<group>";
		};
		01266B322992779700FACA75 /* GithubSearch_MVVM+RxSwiftTests */ = {
			isa = PBXGroup;
			children = (
				01266B332992779700FACA75 /* GithubSearch_MVVM_RxSwiftTests.swift */,
			);
			path = "GithubSearch_MVVM+RxSwiftTests";
			sourceTree = "<group>";
		};
		01266B3C2992779700FACA75 /* GithubSearch_MVVM+RxSwiftUITests */ = {
			isa = PBXGroup;
			children = (
				01266B3D2992779700FACA75 /* GithubSearch_MVVM_RxSwiftUITests.swift */,
				01266B3F2992779700FACA75 /* GithubSearch_MVVM_RxSwiftUITestsLaunchTests.swift */,
			);
			path = "GithubSearch_MVVM+RxSwiftUITests";
			sourceTree = "<group>";
		};
		01A8B4CF2993A78200796D1E /* DataLayer */ = {
			isa = PBXGroup;
			children = (
				01A8B4D32993A82000796D1E /* DTO */,
				01A8B4D22993A7CD00796D1E /* Network */,
				01A8B4D42993A82900796D1E /* Repository */,
			);
			path = DataLayer;
			sourceTree = "<group>";
		};
		01A8B4D02993A7A800796D1E /* DomainLayer */ = {
			isa = PBXGroup;
			children = (
				01A8B4D72993A85600796D1E /* Model */,
				01A8B4D82993A85D00796D1E /* UseCase */,
			);
			path = DomainLayer;
			sourceTree = "<group>";
		};
		01A8B4D12993A7BB00796D1E /* PresentationLayer */ = {
			isa = PBXGroup;
			children = (
				01A8B4DF2993ACF500796D1E /* BaseTabBarController.swift */,
				01A8B4D62993A84000796D1E /* Profile */,
				01A8B4D52993A83800796D1E /* Search */,
			);
			path = PresentationLayer;
			sourceTree = "<group>";
		};
		01A8B4D22993A7CD00796D1E /* Network */ = {
			isa = PBXGroup;
			children = (
			);
			path = Network;
			sourceTree = "<group>";
		};
		01A8B4D32993A82000796D1E /* DTO */ = {
			isa = PBXGroup;
			children = (
				01A8B55A299525DF00796D1E /* RepositorySearchDTO.swift */,
				01A8B5542995106800796D1E /* RepositoryDTO.swift */,
				01A8B556299511E400796D1E /* OwnerDTO.swift */,
				01A8B5582995218900796D1E /* LicenseDTO.swift */,
			);
			path = DTO;
			sourceTree = "<group>";
		};
		01A8B4D42993A82900796D1E /* Repository */ = {
			isa = PBXGroup;
			children = (
				01A8B5062993BA8F00796D1E /* GithubSearchRepository.swift */,
				01A8B50E2993CE6400796D1E /* ProfileRepository.swift */,
			);
			path = Repository;
			sourceTree = "<group>";
		};
		01A8B4D52993A83800796D1E /* Search */ = {
			isa = PBXGroup;
			children = (
				01266B202992779600FACA75 /* GithubSearchViewController.swift */,
				01A8B5002993B9B000796D1E /* GithubSearchViewModel.swift */,
				01A8B5142993D6B400796D1E /* RepositoryTableViewCell.swift */,
			);
			path = Search;
			sourceTree = "<group>";
		};
		01A8B4D62993A84000796D1E /* Profile */ = {
			isa = PBXGroup;
			children = (
				01A8B4E42993B42400796D1E /* ProfileViewController.swift */,
				01A8B5122993CE7500796D1E /* ProfileViewModel.swift */,
			);
			path = Profile;
			sourceTree = "<group>";
		};
		01A8B4D72993A85600796D1E /* Model */ = {
			isa = PBXGroup;
			children = (
				01A8B4E22993B39800796D1E /* User.swift */,
			);
			path = Model;
			sourceTree = "<group>";
		};
		01A8B4D82993A85D00796D1E /* UseCase */ = {
			isa = PBXGroup;
			children = (
				01A8B5042993BA8400796D1E /* GithubSearchUseCase.swift */,
				01A8B5102993CE6F00796D1E /* ProfileUseCase.swift */,
			);
			path = UseCase;
			sourceTree = "<group>";
		};
		01A8B4D92993A86600796D1E /* App */ = {
			isa = PBXGroup;
			children = (
				01266B1C2992779600FACA75 /* AppDelegate.swift */,
				01266B2A2992779700FACA75 /* Info.plist */,
				01266B272992779700FACA75 /* LaunchScreen.storyboard */,
				01266B1E2992779600FACA75 /* SceneDelegate.swift */,
			);
			path = App;
			sourceTree = "<group>";
		};
		01A8B4DA2993A87F00796D1E /* DesignSystem */ = {
			isa = PBXGroup;
			children = (
				01266B252992779700FACA75 /* Assets.xcassets */,
				01A8B5182993D80D00796D1E /* Color.swift */,
				01A8B51A2993D95D00796D1E /* Image.swift */,
			);
			path = DesignSystem;
			sourceTree = "<group>";
		};
		01A8B4DB2993A8FA00796D1E /* Core */ = {
			isa = PBXGroup;
			children = (
				01A8B4DD2993A94300796D1E /* Extenstion */,
				01A8B4DE2993A95B00796D1E /* Literals */,
				01A8B4DC2993A93D00796D1E /* Protocols */,
			);
			name = Core;
			path = "책ㄷ";
			sourceTree = "<group>";
		};
		01A8B4DC2993A93D00796D1E /* Protocols */ = {
			isa = PBXGroup;
			children = (
				01A8B5022993B9D700796D1E /* ViewModelType.swift */,
			);
			path = Protocols;
			sourceTree = "<group>";
		};
		01A8B4DD2993A94300796D1E /* Extenstion */ = {
			isa = PBXGroup;
			children = (
				01A8B51C2993DB2200796D1E /* UI+ */,
			);
			path = Extenstion;
			sourceTree = "<group>";
		};
		01A8B4DE2993A95B00796D1E /* Literals */ = {
			isa = PBXGroup;
			children = (
			);
			path = Literals;
			sourceTree = "<group>";
		};
		01A8B4E12993B22E00796D1E /* Data */ = {
			isa = PBXGroup;
			children = (
			);
			path = Data;
			sourceTree = "<group>";
		};
		01A8B51C2993DB2200796D1E /* UI+ */ = {
			isa = PBXGroup;
			children = (
				01A8B51D2993DB2D00796D1E /* UIView+Extension.swift */,
			);
			path = "UI+";
			sourceTree = "<group>";
		};
/* End PBXGroup section */

/* Begin PBXNativeTarget section */
		01266B182992779600FACA75 /* GithubSearch_MVVM+RxSwift */ = {
			isa = PBXNativeTarget;
			buildConfigurationList = 01266B432992779700FACA75 /* Build configuration list for PBXNativeTarget "GithubSearch_MVVM+RxSwift" */;
			buildPhases = (
				01266B152992779600FACA75 /* Sources */,
				01266B162992779600FACA75 /* Frameworks */,
				01266B172992779600FACA75 /* Resources */,
			);
			buildRules = (
			);
			dependencies = (
			);
			name = "GithubSearch_MVVM+RxSwift";
			packageProductDependencies = (
				01A8B4F92993B8C400796D1E /* Differentiator */,
				01A8B4FB2993B8C400796D1E /* RxDataSources */,
				01A8B50C2993C9BF00796D1E /* Then */,
				01A8B5202993E83600796D1E /* RxCocoa */,
				01A8B5222993E83600796D1E /* RxRelay */,
				01A8B5242993E83600796D1E /* RxSwift */,
				01A8B5272993E84000796D1E /* SnapKit */,
				01A8B52A2993E84D00796D1E /* Kingfisher */,
			);
			productName = "GithubSearch_MVVM+RxSwift";
			productReference = 01266B192992779600FACA75 /* GithubSearch_MVVM+RxSwift.app */;
			productType = "com.apple.product-type.application";
		};
		01266B2E2992779700FACA75 /* GithubSearch_MVVM+RxSwiftTests */ = {
			isa = PBXNativeTarget;
			buildConfigurationList = 01266B462992779700FACA75 /* Build configuration list for PBXNativeTarget "GithubSearch_MVVM+RxSwiftTests" */;
			buildPhases = (
				01266B2B2992779700FACA75 /* Sources */,
				01266B2C2992779700FACA75 /* Frameworks */,
				01266B2D2992779700FACA75 /* Resources */,
			);
			buildRules = (
			);
			dependencies = (
				01266B312992779700FACA75 /* PBXTargetDependency */,
			);
			name = "GithubSearch_MVVM+RxSwiftTests";
			productName = "GithubSearch_MVVM+RxSwiftTests";
			productReference = 01266B2F2992779700FACA75 /* GithubSearch_MVVM+RxSwiftTests.xctest */;
			productType = "com.apple.product-type.bundle.unit-test";
		};
		01266B382992779700FACA75 /* GithubSearch_MVVM+RxSwiftUITests */ = {
			isa = PBXNativeTarget;
			buildConfigurationList = 01266B492992779700FACA75 /* Build configuration list for PBXNativeTarget "GithubSearch_MVVM+RxSwiftUITests" */;
			buildPhases = (
				01266B352992779700FACA75 /* Sources */,
				01266B362992779700FACA75 /* Frameworks */,
				01266B372992779700FACA75 /* Resources */,
			);
			buildRules = (
			);
			dependencies = (
				01266B3B2992779700FACA75 /* PBXTargetDependency */,
			);
			name = "GithubSearch_MVVM+RxSwiftUITests";
			productName = "GithubSearch_MVVM+RxSwiftUITests";
			productReference = 01266B392992779700FACA75 /* GithubSearch_MVVM+RxSwiftUITests.xctest */;
			productType = "com.apple.product-type.bundle.ui-testing";
		};
/* End PBXNativeTarget section */

/* Begin PBXProject section */
		01266B112992779600FACA75 /* Project object */ = {
			isa = PBXProject;
			attributes = {
				BuildIndependentTargetsInParallel = 1;
				LastSwiftUpdateCheck = 1420;
				LastUpgradeCheck = 1420;
				TargetAttributes = {
					01266B182992779600FACA75 = {
						CreatedOnToolsVersion = 14.2;
					};
					01266B2E2992779700FACA75 = {
						CreatedOnToolsVersion = 14.2;
						TestTargetID = 01266B182992779600FACA75;
					};
					01266B382992779700FACA75 = {
						CreatedOnToolsVersion = 14.2;
						TestTargetID = 01266B182992779600FACA75;
					};
				};
			};
			buildConfigurationList = 01266B142992779600FACA75 /* Build configuration list for PBXProject "GithubSearch_MVVM+RxSwift" */;
			compatibilityVersion = "Xcode 14.0";
			developmentRegion = en;
			hasScannedForEncodings = 0;
			knownRegions = (
				en,
				Base,
			);
			mainGroup = 01266B102992779600FACA75;
			packageReferences = (
				01A8B4F82993B8C400796D1E /* XCRemoteSwiftPackageReference "RxDataSources" */,
				01A8B50B2993C9BF00796D1E /* XCRemoteSwiftPackageReference "Then" */,
				01A8B51F2993E83600796D1E /* XCRemoteSwiftPackageReference "RxSwift" */,
				01A8B5262993E83F00796D1E /* XCRemoteSwiftPackageReference "SnapKit" */,
				01A8B5292993E84D00796D1E /* XCRemoteSwiftPackageReference "Kingfisher" */,
			);
			productRefGroup = 01266B1A2992779600FACA75 /* Products */;
			projectDirPath = "";
			projectRoot = "";
			targets = (
				01266B182992779600FACA75 /* GithubSearch_MVVM+RxSwift */,
				01266B2E2992779700FACA75 /* GithubSearch_MVVM+RxSwiftTests */,
				01266B382992779700FACA75 /* GithubSearch_MVVM+RxSwiftUITests */,
			);
		};
/* End PBXProject section */

/* Begin PBXResourcesBuildPhase section */
		01266B172992779600FACA75 /* Resources */ = {
			isa = PBXResourcesBuildPhase;
			buildActionMask = 2147483647;
			files = (
				01266B292992779700FACA75 /* LaunchScreen.storyboard in Resources */,
				01266B262992779700FACA75 /* Assets.xcassets in Resources */,
			);
			runOnlyForDeploymentPostprocessing = 0;
		};
		01266B2D2992779700FACA75 /* Resources */ = {
			isa = PBXResourcesBuildPhase;
			buildActionMask = 2147483647;
			files = (
			);
			runOnlyForDeploymentPostprocessing = 0;
		};
		01266B372992779700FACA75 /* Resources */ = {
			isa = PBXResourcesBuildPhase;
			buildActionMask = 2147483647;
			files = (
			);
			runOnlyForDeploymentPostprocessing = 0;
		};
/* End PBXResourcesBuildPhase section */

/* Begin PBXSourcesBuildPhase section */
		01266B152992779600FACA75 /* Sources */ = {
			isa = PBXSourcesBuildPhase;
			buildActionMask = 2147483647;
			files = (
				01A8B5072993BA8F00796D1E /* GithubSearchRepository.swift in Sources */,
				01A8B5592995218900796D1E /* LicenseDTO.swift in Sources */,
				01A8B5152993D6B400796D1E /* RepositoryTableViewCell.swift in Sources */,
				01A8B5112993CE6F00796D1E /* ProfileUseCase.swift in Sources */,
				01A8B5052993BA8400796D1E /* GithubSearchUseCase.swift in Sources */,
				01A8B557299511E400796D1E /* OwnerDTO.swift in Sources */,
				01A8B50F2993CE6400796D1E /* ProfileRepository.swift in Sources */,
				01A8B5552995106800796D1E /* RepositoryDTO.swift in Sources */,
				01A8B5012993B9B000796D1E /* GithubSearchViewModel.swift in Sources */,
				01A8B4E52993B42400796D1E /* ProfileViewController.swift in Sources */,
				01A8B51E2993DB2D00796D1E /* UIView+Extension.swift in Sources */,
				01A8B4E02993ACF500796D1E /* BaseTabBarController.swift in Sources */,
				01A8B5192993D80D00796D1E /* Color.swift in Sources */,
				01A8B51B2993D95D00796D1E /* Image.swift in Sources */,
				01266B212992779600FACA75 /* GithubSearchViewController.swift in Sources */,
				01A8B5032993B9D700796D1E /* ViewModelType.swift in Sources */,
				01266B1D2992779600FACA75 /* AppDelegate.swift in Sources */,
				01A8B5132993CE7500796D1E /* ProfileViewModel.swift in Sources */,
				01A8B4E32993B39800796D1E /* User.swift in Sources */,
				01A8B55B299525DF00796D1E /* RepositorySearchDTO.swift in Sources */,
				01266B1F2992779600FACA75 /* SceneDelegate.swift in Sources */,
			);
			runOnlyForDeploymentPostprocessing = 0;
		};
		01266B2B2992779700FACA75 /* Sources */ = {
			isa = PBXSourcesBuildPhase;
			buildActionMask = 2147483647;
			files = (
				01266B342992779700FACA75 /* GithubSearch_MVVM_RxSwiftTests.swift in Sources */,
			);
			runOnlyForDeploymentPostprocessing = 0;
		};
		01266B352992779700FACA75 /* Sources */ = {
			isa = PBXSourcesBuildPhase;
			buildActionMask = 2147483647;
			files = (
				01266B3E2992779700FACA75 /* GithubSearch_MVVM_RxSwiftUITests.swift in Sources */,
				01266B402992779700FACA75 /* GithubSearch_MVVM_RxSwiftUITestsLaunchTests.swift in Sources */,
			);
			runOnlyForDeploymentPostprocessing = 0;
		};
/* End PBXSourcesBuildPhase section */

/* Begin PBXTargetDependency section */
		01266B312992779700FACA75 /* PBXTargetDependency */ = {
			isa = PBXTargetDependency;
			target = 01266B182992779600FACA75 /* GithubSearch_MVVM+RxSwift */;
			targetProxy = 01266B302992779700FACA75 /* PBXContainerItemProxy */;
		};
		01266B3B2992779700FACA75 /* PBXTargetDependency */ = {
			isa = PBXTargetDependency;
			target = 01266B182992779600FACA75 /* GithubSearch_MVVM+RxSwift */;
			targetProxy = 01266B3A2992779700FACA75 /* PBXContainerItemProxy */;
		};
/* End PBXTargetDependency section */

/* Begin PBXVariantGroup section */
		01266B272992779700FACA75 /* LaunchScreen.storyboard */ = {
			isa = PBXVariantGroup;
			children = (
				01266B282992779700FACA75 /* Base */,
			);
			name = LaunchScreen.storyboard;
			sourceTree = "<group>";
		};
/* End PBXVariantGroup section */

/* Begin XCBuildConfiguration section */
		01266B412992779700FACA75 /* Debug */ = {
			isa = XCBuildConfiguration;
			buildSettings = {
				ALWAYS_SEARCH_USER_PATHS = NO;
				CLANG_ANALYZER_NONNULL = YES;
				CLANG_ANALYZER_NUMBER_OBJECT_CONVERSION = YES_AGGRESSIVE;
				CLANG_CXX_LANGUAGE_STANDARD = "gnu++20";
				CLANG_ENABLE_MODULES = YES;
				CLANG_ENABLE_OBJC_ARC = YES;
				CLANG_ENABLE_OBJC_WEAK = YES;
				CLANG_WARN_BLOCK_CAPTURE_AUTORELEASING = YES;
				CLANG_WARN_BOOL_CONVERSION = YES;
				CLANG_WARN_COMMA = YES;
				CLANG_WARN_CONSTANT_CONVERSION = YES;
				CLANG_WARN_DEPRECATED_OBJC_IMPLEMENTATIONS = YES;
				CLANG_WARN_DIRECT_OBJC_ISA_USAGE = YES_ERROR;
				CLANG_WARN_DOCUMENTATION_COMMENTS = YES;
				CLANG_WARN_EMPTY_BODY = YES;
				CLANG_WARN_ENUM_CONVERSION = YES;
				CLANG_WARN_INFINITE_RECURSION = YES;
				CLANG_WARN_INT_CONVERSION = YES;
				CLANG_WARN_NON_LITERAL_NULL_CONVERSION = YES;
				CLANG_WARN_OBJC_IMPLICIT_RETAIN_SELF = YES;
				CLANG_WARN_OBJC_LITERAL_CONVERSION = YES;
				CLANG_WARN_OBJC_ROOT_CLASS = YES_ERROR;
				CLANG_WARN_QUOTED_INCLUDE_IN_FRAMEWORK_HEADER = YES;
				CLANG_WARN_RANGE_LOOP_ANALYSIS = YES;
				CLANG_WARN_STRICT_PROTOTYPES = YES;
				CLANG_WARN_SUSPICIOUS_MOVE = YES;
				CLANG_WARN_UNGUARDED_AVAILABILITY = YES_AGGRESSIVE;
				CLANG_WARN_UNREACHABLE_CODE = YES;
				CLANG_WARN__DUPLICATE_METHOD_MATCH = YES;
				COPY_PHASE_STRIP = NO;
				DEBUG_INFORMATION_FORMAT = dwarf;
				ENABLE_STRICT_OBJC_MSGSEND = YES;
				ENABLE_TESTABILITY = YES;
				GCC_C_LANGUAGE_STANDARD = gnu11;
				GCC_DYNAMIC_NO_PIC = NO;
				GCC_NO_COMMON_BLOCKS = YES;
				GCC_OPTIMIZATION_LEVEL = 0;
				GCC_PREPROCESSOR_DEFINITIONS = (
					"DEBUG=1",
					"$(inherited)",
				);
				GCC_WARN_64_TO_32_BIT_CONVERSION = YES;
				GCC_WARN_ABOUT_RETURN_TYPE = YES_ERROR;
				GCC_WARN_UNDECLARED_SELECTOR = YES;
				GCC_WARN_UNINITIALIZED_AUTOS = YES_AGGRESSIVE;
				GCC_WARN_UNUSED_FUNCTION = YES;
				GCC_WARN_UNUSED_VARIABLE = YES;
				IPHONEOS_DEPLOYMENT_TARGET = 13.0;
				MTL_ENABLE_DEBUG_INFO = INCLUDE_SOURCE;
				MTL_FAST_MATH = YES;
				ONLY_ACTIVE_ARCH = YES;
				SDKROOT = iphoneos;
				SWIFT_ACTIVE_COMPILATION_CONDITIONS = DEBUG;
				SWIFT_OPTIMIZATION_LEVEL = "-Onone";
			};
			name = Debug;
		};
		01266B422992779700FACA75 /* Release */ = {
			isa = XCBuildConfiguration;
			buildSettings = {
				ALWAYS_SEARCH_USER_PATHS = NO;
				CLANG_ANALYZER_NONNULL = YES;
				CLANG_ANALYZER_NUMBER_OBJECT_CONVERSION = YES_AGGRESSIVE;
				CLANG_CXX_LANGUAGE_STANDARD = "gnu++20";
				CLANG_ENABLE_MODULES = YES;
				CLANG_ENABLE_OBJC_ARC = YES;
				CLANG_ENABLE_OBJC_WEAK = YES;
				CLANG_WARN_BLOCK_CAPTURE_AUTORELEASING = YES;
				CLANG_WARN_BOOL_CONVERSION = YES;
				CLANG_WARN_COMMA = YES;
				CLANG_WARN_CONSTANT_CONVERSION = YES;
				CLANG_WARN_DEPRECATED_OBJC_IMPLEMENTATIONS = YES;
				CLANG_WARN_DIRECT_OBJC_ISA_USAGE = YES_ERROR;
				CLANG_WARN_DOCUMENTATION_COMMENTS = YES;
				CLANG_WARN_EMPTY_BODY = YES;
				CLANG_WARN_ENUM_CONVERSION = YES;
				CLANG_WARN_INFINITE_RECURSION = YES;
				CLANG_WARN_INT_CONVERSION = YES;
				CLANG_WARN_NON_LITERAL_NULL_CONVERSION = YES;
				CLANG_WARN_OBJC_IMPLICIT_RETAIN_SELF = YES;
				CLANG_WARN_OBJC_LITERAL_CONVERSION = YES;
				CLANG_WARN_OBJC_ROOT_CLASS = YES_ERROR;
				CLANG_WARN_QUOTED_INCLUDE_IN_FRAMEWORK_HEADER = YES;
				CLANG_WARN_RANGE_LOOP_ANALYSIS = YES;
				CLANG_WARN_STRICT_PROTOTYPES = YES;
				CLANG_WARN_SUSPICIOUS_MOVE = YES;
				CLANG_WARN_UNGUARDED_AVAILABILITY = YES_AGGRESSIVE;
				CLANG_WARN_UNREACHABLE_CODE = YES;
				CLANG_WARN__DUPLICATE_METHOD_MATCH = YES;
				COPY_PHASE_STRIP = NO;
				DEBUG_INFORMATION_FORMAT = "dwarf-with-dsym";
				ENABLE_NS_ASSERTIONS = NO;
				ENABLE_STRICT_OBJC_MSGSEND = YES;
				GCC_C_LANGUAGE_STANDARD = gnu11;
				GCC_NO_COMMON_BLOCKS = YES;
				GCC_WARN_64_TO_32_BIT_CONVERSION = YES;
				GCC_WARN_ABOUT_RETURN_TYPE = YES_ERROR;
				GCC_WARN_UNDECLARED_SELECTOR = YES;
				GCC_WARN_UNINITIALIZED_AUTOS = YES_AGGRESSIVE;
				GCC_WARN_UNUSED_FUNCTION = YES;
				GCC_WARN_UNUSED_VARIABLE = YES;
				IPHONEOS_DEPLOYMENT_TARGET = 13.0;
				MTL_ENABLE_DEBUG_INFO = NO;
				MTL_FAST_MATH = YES;
				SDKROOT = iphoneos;
				SWIFT_COMPILATION_MODE = wholemodule;
				SWIFT_OPTIMIZATION_LEVEL = "-O";
				VALIDATE_PRODUCT = YES;
			};
			name = Release;
		};
		01266B442992779700FACA75 /* Debug */ = {
			isa = XCBuildConfiguration;
			buildSettings = {
				ASSETCATALOG_COMPILER_APPICON_NAME = AppIcon;
				ASSETCATALOG_COMPILER_GLOBAL_ACCENT_COLOR_NAME = AccentColor;
				CODE_SIGN_STYLE = Automatic;
				CURRENT_PROJECT_VERSION = 1;
				DEVELOPMENT_TEAM = D976LJQ8XK;
				GENERATE_INFOPLIST_FILE = YES;
				INFOPLIST_FILE = "GithubSearch_MVVM+RxSwift/App/Info.plist";
				INFOPLIST_KEY_UIApplicationSupportsIndirectInputEvents = YES;
				INFOPLIST_KEY_UILaunchStoryboardName = LaunchScreen.storyboard;
				INFOPLIST_KEY_UISupportedInterfaceOrientations_iPad = "UIInterfaceOrientationPortrait UIInterfaceOrientationPortraitUpsideDown UIInterfaceOrientationLandscapeLeft UIInterfaceOrientationLandscapeRight";
				INFOPLIST_KEY_UISupportedInterfaceOrientations_iPhone = "UIInterfaceOrientationPortrait UIInterfaceOrientationLandscapeLeft UIInterfaceOrientationLandscapeRight";
				IPHONEOS_DEPLOYMENT_TARGET = 13.0;
				LD_RUNPATH_SEARCH_PATHS = (
					"$(inherited)",
					"@executable_path/Frameworks",
				);
				MARKETING_VERSION = 1.0;
				PRODUCT_BUNDLE_IDENTIFIER = "pst.GithubSearch-MVVM-RxSwift";
				PRODUCT_NAME = "$(TARGET_NAME)";
				SUPPORTED_PLATFORMS = "iphoneos iphonesimulator";
				SUPPORTS_MACCATALYST = NO;
				SUPPORTS_MAC_DESIGNED_FOR_IPHONE_IPAD = NO;
				SWIFT_EMIT_LOC_STRINGS = YES;
				SWIFT_VERSION = 5.0;
				TARGETED_DEVICE_FAMILY = 1;
			};
			name = Debug;
		};
		01266B452992779700FACA75 /* Release */ = {
			isa = XCBuildConfiguration;
			buildSettings = {
				ASSETCATALOG_COMPILER_APPICON_NAME = AppIcon;
				ASSETCATALOG_COMPILER_GLOBAL_ACCENT_COLOR_NAME = AccentColor;
				CODE_SIGN_STYLE = Automatic;
				CURRENT_PROJECT_VERSION = 1;
				DEVELOPMENT_TEAM = D976LJQ8XK;
				GENERATE_INFOPLIST_FILE = YES;
				INFOPLIST_FILE = "GithubSearch_MVVM+RxSwift/App/Info.plist";
				INFOPLIST_KEY_UIApplicationSupportsIndirectInputEvents = YES;
				INFOPLIST_KEY_UILaunchStoryboardName = LaunchScreen.storyboard;
				INFOPLIST_KEY_UISupportedInterfaceOrientations_iPad = "UIInterfaceOrientationPortrait UIInterfaceOrientationPortraitUpsideDown UIInterfaceOrientationLandscapeLeft UIInterfaceOrientationLandscapeRight";
				INFOPLIST_KEY_UISupportedInterfaceOrientations_iPhone = "UIInterfaceOrientationPortrait UIInterfaceOrientationLandscapeLeft UIInterfaceOrientationLandscapeRight";
				IPHONEOS_DEPLOYMENT_TARGET = 13.0;
				LD_RUNPATH_SEARCH_PATHS = (
					"$(inherited)",
					"@executable_path/Frameworks",
				);
				MARKETING_VERSION = 1.0;
				PRODUCT_BUNDLE_IDENTIFIER = "pst.GithubSearch-MVVM-RxSwift";
				PRODUCT_NAME = "$(TARGET_NAME)";
				SUPPORTED_PLATFORMS = "iphoneos iphonesimulator";
				SUPPORTS_MACCATALYST = NO;
				SUPPORTS_MAC_DESIGNED_FOR_IPHONE_IPAD = NO;
				SWIFT_EMIT_LOC_STRINGS = YES;
				SWIFT_VERSION = 5.0;
				TARGETED_DEVICE_FAMILY = 1;
			};
			name = Release;
		};
		01266B472992779700FACA75 /* Debug */ = {
			isa = XCBuildConfiguration;
			buildSettings = {
				ALWAYS_EMBED_SWIFT_STANDARD_LIBRARIES = YES;
				BUNDLE_LOADER = "$(TEST_HOST)";
				CODE_SIGN_STYLE = Automatic;
				CURRENT_PROJECT_VERSION = 1;
				DEVELOPMENT_TEAM = D976LJQ8XK;
				GENERATE_INFOPLIST_FILE = YES;
				IPHONEOS_DEPLOYMENT_TARGET = 16.2;
				MARKETING_VERSION = 1.0;
				PRODUCT_BUNDLE_IDENTIFIER = "pst.GithubSearch-MVVM-RxSwiftTests";
				PRODUCT_NAME = "$(TARGET_NAME)";
				SWIFT_EMIT_LOC_STRINGS = NO;
				SWIFT_VERSION = 5.0;
				TARGETED_DEVICE_FAMILY = "1,2";
				TEST_HOST = "$(BUILT_PRODUCTS_DIR)/GithubSearch_MVVM+RxSwift.app/$(BUNDLE_EXECUTABLE_FOLDER_PATH)/GithubSearch_MVVM+RxSwift";
			};
			name = Debug;
		};
		01266B482992779700FACA75 /* Release */ = {
			isa = XCBuildConfiguration;
			buildSettings = {
				ALWAYS_EMBED_SWIFT_STANDARD_LIBRARIES = YES;
				BUNDLE_LOADER = "$(TEST_HOST)";
				CODE_SIGN_STYLE = Automatic;
				CURRENT_PROJECT_VERSION = 1;
				DEVELOPMENT_TEAM = D976LJQ8XK;
				GENERATE_INFOPLIST_FILE = YES;
				IPHONEOS_DEPLOYMENT_TARGET = 16.2;
				MARKETING_VERSION = 1.0;
				PRODUCT_BUNDLE_IDENTIFIER = "pst.GithubSearch-MVVM-RxSwiftTests";
				PRODUCT_NAME = "$(TARGET_NAME)";
				SWIFT_EMIT_LOC_STRINGS = NO;
				SWIFT_VERSION = 5.0;
				TARGETED_DEVICE_FAMILY = "1,2";
				TEST_HOST = "$(BUILT_PRODUCTS_DIR)/GithubSearch_MVVM+RxSwift.app/$(BUNDLE_EXECUTABLE_FOLDER_PATH)/GithubSearch_MVVM+RxSwift";
			};
			name = Release;
		};
		01266B4A2992779700FACA75 /* Debug */ = {
			isa = XCBuildConfiguration;
			buildSettings = {
				ALWAYS_EMBED_SWIFT_STANDARD_LIBRARIES = YES;
				CODE_SIGN_STYLE = Automatic;
				CURRENT_PROJECT_VERSION = 1;
				DEVELOPMENT_TEAM = D976LJQ8XK;
				GENERATE_INFOPLIST_FILE = YES;
				MARKETING_VERSION = 1.0;
				PRODUCT_BUNDLE_IDENTIFIER = "pst.GithubSearch-MVVM-RxSwiftUITests";
				PRODUCT_NAME = "$(TARGET_NAME)";
				SWIFT_EMIT_LOC_STRINGS = NO;
				SWIFT_VERSION = 5.0;
				TARGETED_DEVICE_FAMILY = "1,2";
				TEST_TARGET_NAME = "GithubSearch_MVVM+RxSwift";
			};
			name = Debug;
		};
		01266B4B2992779700FACA75 /* Release */ = {
			isa = XCBuildConfiguration;
			buildSettings = {
				ALWAYS_EMBED_SWIFT_STANDARD_LIBRARIES = YES;
				CODE_SIGN_STYLE = Automatic;
				CURRENT_PROJECT_VERSION = 1;
				DEVELOPMENT_TEAM = D976LJQ8XK;
				GENERATE_INFOPLIST_FILE = YES;
				MARKETING_VERSION = 1.0;
				PRODUCT_BUNDLE_IDENTIFIER = "pst.GithubSearch-MVVM-RxSwiftUITests";
				PRODUCT_NAME = "$(TARGET_NAME)";
				SWIFT_EMIT_LOC_STRINGS = NO;
				SWIFT_VERSION = 5.0;
				TARGETED_DEVICE_FAMILY = "1,2";
				TEST_TARGET_NAME = "GithubSearch_MVVM+RxSwift";
			};
			name = Release;
		};
/* End XCBuildConfiguration section */

/* Begin XCConfigurationList section */
		01266B142992779600FACA75 /* Build configuration list for PBXProject "GithubSearch_MVVM+RxSwift" */ = {
			isa = XCConfigurationList;
			buildConfigurations = (
				01266B412992779700FACA75 /* Debug */,
				01266B422992779700FACA75 /* Release */,
			);
			defaultConfigurationIsVisible = 0;
			defaultConfigurationName = Release;
		};
		01266B432992779700FACA75 /* Build configuration list for PBXNativeTarget "GithubSearch_MVVM+RxSwift" */ = {
			isa = XCConfigurationList;
			buildConfigurations = (
				01266B442992779700FACA75 /* Debug */,
				01266B452992779700FACA75 /* Release */,
			);
			defaultConfigurationIsVisible = 0;
			defaultConfigurationName = Release;
		};
		01266B462992779700FACA75 /* Build configuration list for PBXNativeTarget "GithubSearch_MVVM+RxSwiftTests" */ = {
			isa = XCConfigurationList;
			buildConfigurations = (
				01266B472992779700FACA75 /* Debug */,
				01266B482992779700FACA75 /* Release */,
			);
			defaultConfigurationIsVisible = 0;
			defaultConfigurationName = Release;
		};
		01266B492992779700FACA75 /* Build configuration list for PBXNativeTarget "GithubSearch_MVVM+RxSwiftUITests" */ = {
			isa = XCConfigurationList;
			buildConfigurations = (
				01266B4A2992779700FACA75 /* Debug */,
				01266B4B2992779700FACA75 /* Release */,
			);
			defaultConfigurationIsVisible = 0;
			defaultConfigurationName = Release;
		};
/* End XCConfigurationList section */

/* Begin XCRemoteSwiftPackageReference section */
		01A8B4F82993B8C400796D1E /* XCRemoteSwiftPackageReference "RxDataSources" */ = {
			isa = XCRemoteSwiftPackageReference;
			repositoryURL = "https://github.com/RxSwiftCommunity/RxDataSources.git";
			requirement = {
				kind = upToNextMajorVersion;
				minimumVersion = 5.0.0;
			};
		};
		01A8B50B2993C9BF00796D1E /* XCRemoteSwiftPackageReference "Then" */ = {
			isa = XCRemoteSwiftPackageReference;
			repositoryURL = "https://github.com/devxoul/Then";
			requirement = {
				kind = upToNextMajorVersion;
				minimumVersion = 3.0.0;
			};
		};
		01A8B51F2993E83600796D1E /* XCRemoteSwiftPackageReference "RxSwift" */ = {
			isa = XCRemoteSwiftPackageReference;
			repositoryURL = "https://github.com/ReactiveX/RxSwift.git";
			requirement = {
				kind = upToNextMajorVersion;
				minimumVersion = 6.0.0;
			};
		};
		01A8B5262993E83F00796D1E /* XCRemoteSwiftPackageReference "SnapKit" */ = {
			isa = XCRemoteSwiftPackageReference;
			repositoryURL = "https://github.com/SnapKit/SnapKit.git";
			requirement = {
				kind = upToNextMajorVersion;
				minimumVersion = 5.0.0;
			};
		};
		01A8B5292993E84D00796D1E /* XCRemoteSwiftPackageReference "Kingfisher" */ = {
			isa = XCRemoteSwiftPackageReference;
			repositoryURL = "https://github.com/onevcat/Kingfisher.git";
			requirement = {
				kind = upToNextMajorVersion;
				minimumVersion = 7.0.0;
			};
		};
/* End XCRemoteSwiftPackageReference section */

/* Begin XCSwiftPackageProductDependency section */
		01A8B4F92993B8C400796D1E /* Differentiator */ = {
			isa = XCSwiftPackageProductDependency;
			package = 01A8B4F82993B8C400796D1E /* XCRemoteSwiftPackageReference "RxDataSources" */;
			productName = Differentiator;
		};
		01A8B4FB2993B8C400796D1E /* RxDataSources */ = {
			isa = XCSwiftPackageProductDependency;
			package = 01A8B4F82993B8C400796D1E /* XCRemoteSwiftPackageReference "RxDataSources" */;
			productName = RxDataSources;
		};
		01A8B50C2993C9BF00796D1E /* Then */ = {
			isa = XCSwiftPackageProductDependency;
			package = 01A8B50B2993C9BF00796D1E /* XCRemoteSwiftPackageReference "Then" */;
			productName = Then;
		};
		01A8B5202993E83600796D1E /* RxCocoa */ = {
			isa = XCSwiftPackageProductDependency;
			package = 01A8B51F2993E83600796D1E /* XCRemoteSwiftPackageReference "RxSwift" */;
			productName = RxCocoa;
		};
		01A8B5222993E83600796D1E /* RxRelay */ = {
			isa = XCSwiftPackageProductDependency;
			package = 01A8B51F2993E83600796D1E /* XCRemoteSwiftPackageReference "RxSwift" */;
			productName = RxRelay;
		};
		01A8B5242993E83600796D1E /* RxSwift */ = {
			isa = XCSwiftPackageProductDependency;
			package = 01A8B51F2993E83600796D1E /* XCRemoteSwiftPackageReference "RxSwift" */;
			productName = RxSwift;
		};
		01A8B5272993E84000796D1E /* SnapKit */ = {
			isa = XCSwiftPackageProductDependency;
			package = 01A8B5262993E83F00796D1E /* XCRemoteSwiftPackageReference "SnapKit" */;
			productName = SnapKit;
		};
		01A8B52A2993E84D00796D1E /* Kingfisher */ = {
			isa = XCSwiftPackageProductDependency;
			package = 01A8B5292993E84D00796D1E /* XCRemoteSwiftPackageReference "Kingfisher" */;
			productName = Kingfisher;
		};
/* End XCSwiftPackageProductDependency section */
	};
	rootObject = 01266B112992779600FACA75 /* Project object */;
}
